dependencies:
  Fusion:
    dependencies: []
    source:
      path: C:\Users\dst\Documents\privat\rc\esp32Libs\components\Fusion
      type: local
    version: 1.0.0
  LSM9DS1:
    component_hash: df467f82987b8d5b3f2a41188a33d3db3ff36b56035346c018210d5d80c27367
    dependencies:
    - name: idf
      version: '>=4.4'
    - git: https://github.com/zebbel/IMU
      name: xyzFloat
      path: components/xyzFloat
    source:
      git: https://github.com/zebbel/esp32Libs
      path: components/LSM9DS1
      type: git
    version: b4bfd212a6af1be91daa051ea0c34ec9cdb466b5
  LowPassFilter:
    dependencies: []
    source:
      path: C:\Users\dst\Documents\privat\rc\esp32Libs\components\LowPassFilter
      type: local
    version: 1.0.0
  idf:
    source:
      type: idf
    version: 5.4.1
  xyzFloat:
    component_hash: d84de3e19e8d3973088ae4a6ba414932533700e49face21bb580af451c0706f5
    dependencies: []
    source:
      git: https://github.com/zebbel/IMU
      path: components/xyzFloat
      type: git
    version: 4c32e35d829846552280ab86b875061a31209a44
direct_dependencies:
- Fusion
- LSM9DS1
- LowPassFilter
- idf
- xyzFloat
manifest_hash: c5d2203ad9485c044d5465a5c45643ae114d42134764838f469bc62ab41eb145
target: esp32s3
version: 2.0.0
